
Microsoft Visual Studio Solution File, Format Version 11.00
# Visual Studio 2010
Project("{FAE04EC0-301F-11D3-BF4B-00C04F79EFBC}") = "OpenApiLib", "OpenApiLib\OpenApiLib.csproj", "{577EE244-7775-49B1-9BC4-8412343FEE01}"
EndProject
Project("{FAE04EC0-301F-11D3-BF4B-00C04F79EFBC}") = "OpenApiDeveloperLibrary", "OpenApiDeveloperLibrary\OpenApiDeveloperLibrary.csproj", "{CD44DDA1-49F1-4B2F-945D-CC270DD158C1}"
EndProject
Project("{D954291E-2A0B-460D-934E-DC6B0785DB48}") = "OpenTrader", "OpenTrader\OpenTrader.shproj", "{DF212782-A136-48EC-A03C-77854962B925}"
EndProject
Project("{FAE04EC0-301F-11D3-BF4B-00C04F79EFBC}") = "OpenTrader.Droid", "Droid\OpenTrader.Droid.csproj", "{21E7B798-EE6A-455A-9AD8-ED8F3C51BA08}"
EndProject
Global
	GlobalSection(SolutionConfigurationPlatforms) = preSolution
		Debug|Any CPU = Debug|Any CPU
		Debug|Mixed Platforms = Debug|Mixed Platforms
		Debug|Win32 = Debug|Win32
		Debug|x86 = Debug|x86
		Release|Any CPU = Release|Any CPU
		Release|Mixed Platforms = Release|Mixed Platforms
		Release|Win32 = Release|Win32
		Release|x86 = Release|x86
	EndGlobalSection
	GlobalSection(ProjectConfigurationPlatforms) = postSolution
		{21E7B798-EE6A-455A-9AD8-ED8F3C51BA08}.Debug|Any CPU.ActiveCfg = Debug|Any CPU
		{21E7B798-EE6A-455A-9AD8-ED8F3C51BA08}.Debug|Any CPU.Build.0 = Debug|Any CPU
		{21E7B798-EE6A-455A-9AD8-ED8F3C51BA08}.Debug|Mixed Platforms.ActiveCfg = Debug|Any CPU
		{21E7B798-EE6A-455A-9AD8-ED8F3C51BA08}.Debug|Mixed Platforms.Build.0 = Debug|Any CPU
		{21E7B798-EE6A-455A-9AD8-ED8F3C51BA08}.Debug|Win32.ActiveCfg = Debug|Any CPU
		{21E7B798-EE6A-455A-9AD8-ED8F3C51BA08}.Debug|Win32.Build.0 = Debug|Any CPU
		{21E7B798-EE6A-455A-9AD8-ED8F3C51BA08}.Debug|x86.ActiveCfg = Debug|Any CPU
		{21E7B798-EE6A-455A-9AD8-ED8F3C51BA08}.Debug|x86.Build.0 = Debug|Any CPU
		{21E7B798-EE6A-455A-9AD8-ED8F3C51BA08}.Release|Any CPU.ActiveCfg = Release|Any CPU
		{21E7B798-EE6A-455A-9AD8-ED8F3C51BA08}.Release|Any CPU.Build.0 = Release|Any CPU
		{21E7B798-EE6A-455A-9AD8-ED8F3C51BA08}.Release|Mixed Platforms.ActiveCfg = Release|Any CPU
		{21E7B798-EE6A-455A-9AD8-ED8F3C51BA08}.Release|Mixed Platforms.Build.0 = Release|Any CPU
		{21E7B798-EE6A-455A-9AD8-ED8F3C51BA08}.Release|Win32.ActiveCfg = Release|Any CPU
		{21E7B798-EE6A-455A-9AD8-ED8F3C51BA08}.Release|Win32.Build.0 = Release|Any CPU
		{21E7B798-EE6A-455A-9AD8-ED8F3C51BA08}.Release|x86.ActiveCfg = Release|Any CPU
		{21E7B798-EE6A-455A-9AD8-ED8F3C51BA08}.Release|x86.Build.0 = Release|Any CPU
		{577EE244-7775-49B1-9BC4-8412343FEE01}.Debug|Any CPU.ActiveCfg = Debug|Any CPU
		{577EE244-7775-49B1-9BC4-8412343FEE01}.Debug|Any CPU.Build.0 = Debug|Any CPU
		{577EE244-7775-49B1-9BC4-8412343FEE01}.Debug|Mixed Platforms.ActiveCfg = Debug|Any CPU
		{577EE244-7775-49B1-9BC4-8412343FEE01}.Debug|Mixed Platforms.Build.0 = Debug|Any CPU
		{577EE244-7775-49B1-9BC4-8412343FEE01}.Debug|Win32.ActiveCfg = Debug|Any CPU
		{577EE244-7775-49B1-9BC4-8412343FEE01}.Debug|Win32.Build.0 = Debug|Any CPU
		{577EE244-7775-49B1-9BC4-8412343FEE01}.Debug|x86.ActiveCfg = Debug|Any CPU
		{577EE244-7775-49B1-9BC4-8412343FEE01}.Debug|x86.Build.0 = Debug|Any CPU
		{577EE244-7775-49B1-9BC4-8412343FEE01}.Release|Any CPU.ActiveCfg = Release|Any CPU
		{577EE244-7775-49B1-9BC4-8412343FEE01}.Release|Any CPU.Build.0 = Release|Any CPU
		{577EE244-7775-49B1-9BC4-8412343FEE01}.Release|Mixed Platforms.ActiveCfg = Release|Any CPU
		{577EE244-7775-49B1-9BC4-8412343FEE01}.Release|Mixed Platforms.Build.0 = Release|Any CPU
		{577EE244-7775-49B1-9BC4-8412343FEE01}.Release|Win32.ActiveCfg = Release|Any CPU
		{577EE244-7775-49B1-9BC4-8412343FEE01}.Release|Win32.Build.0 = Release|Any CPU
		{577EE244-7775-49B1-9BC4-8412343FEE01}.Release|x86.ActiveCfg = Release|Any CPU
		{577EE244-7775-49B1-9BC4-8412343FEE01}.Release|x86.Build.0 = Release|Any CPU
		{CD44DDA1-49F1-4B2F-945D-CC270DD158C1}.Debug|Any CPU.ActiveCfg = Debug|Any CPU
		{CD44DDA1-49F1-4B2F-945D-CC270DD158C1}.Debug|Any CPU.Build.0 = Debug|Any CPU
		{CD44DDA1-49F1-4B2F-945D-CC270DD158C1}.Debug|Mixed Platforms.ActiveCfg = Debug|Any CPU
		{CD44DDA1-49F1-4B2F-945D-CC270DD158C1}.Debug|Mixed Platforms.Build.0 = Debug|Any CPU
		{CD44DDA1-49F1-4B2F-945D-CC270DD158C1}.Debug|Win32.ActiveCfg = Debug|Any CPU
		{CD44DDA1-49F1-4B2F-945D-CC270DD158C1}.Debug|Win32.Build.0 = Debug|Any CPU
		{CD44DDA1-49F1-4B2F-945D-CC270DD158C1}.Debug|x86.ActiveCfg = Debug|Any CPU
		{CD44DDA1-49F1-4B2F-945D-CC270DD158C1}.Debug|x86.Build.0 = Debug|Any CPU
		{CD44DDA1-49F1-4B2F-945D-CC270DD158C1}.Release|Any CPU.ActiveCfg = Release|Any CPU
		{CD44DDA1-49F1-4B2F-945D-CC270DD158C1}.Release|Any CPU.Build.0 = Release|Any CPU
		{CD44DDA1-49F1-4B2F-945D-CC270DD158C1}.Release|Mixed Platforms.ActiveCfg = Release|Any CPU
		{CD44DDA1-49F1-4B2F-945D-CC270DD158C1}.Release|Mixed Platforms.Build.0 = Release|Any CPU
		{CD44DDA1-49F1-4B2F-945D-CC270DD158C1}.Release|Win32.ActiveCfg = Release|Any CPU
		{CD44DDA1-49F1-4B2F-945D-CC270DD158C1}.Release|Win32.Build.0 = Release|Any CPU
		{CD44DDA1-49F1-4B2F-945D-CC270DD158C1}.Release|x86.ActiveCfg = Release|Any CPU
		{CD44DDA1-49F1-4B2F-945D-CC270DD158C1}.Release|x86.Build.0 = Release|Any CPU
	EndGlobalSection
	GlobalSection(SolutionProperties) = preSolution
		HideSolutionNode = FALSE
	EndGlobalSection
EndGlobal
